PODS:
  - Flutter (1.0.0)
  - google_maps_flutter (0.0.1):
    - Flutter
    - GoogleMaps
  - GoogleMaps (3.6.0):
    - GoogleMaps/Maps (= 3.6.0)
  - GoogleMaps/Base (3.6.0)
  - GoogleMaps/Maps (3.6.0):
    - GoogleMaps/Base
  - shared_preferences (0.0.1):
    - Flutter

DEPENDENCIES:
  - Flutter (from `Flutter`)
  - google_maps_flutter (from `.symlinks/plugins/google_maps_flutter/ios`)
  - shared_preferences (from `.symlinks/plugins/shared_preferences/ios`)

SPEC REPOS:
  trunk:
    - GoogleMaps

EXTERNAL SOURCES:
  Flutter:
    :path: Flutter
  google_maps_flutter:
    :path: ".symlinks/plugins/google_maps_flutter/ios"
  shared_preferences:
    :path: ".symlinks/plugins/shared_preferences/ios"

SPEC CHECKSUMS:
  Flutter: 0e3d915762c693b495b44d77113d4970485de6ec
  google_maps_flutter: d0dd62f5a7d39bae61057eb9f52dd778d99c7c6c
  GoogleMaps: 82f8fe307193bb4de6ef6bf9e88f1d624b718f9d
  shared_preferences: 430726339841afefe5142b9c1f50cb6bd7793e01

PODFILE CHECKSUM: 1b66dae606f75376c5f2135a8290850eeb09ae83

COCOAPODS: 1.8.4
